
Microsoft Visual Studio Solution File, Format Version 12.00
# Visual Studio Version 16
VisualStudioVersion = 16.0.30907.101
MinimumVisualStudioVersion = 10.0.40219.1
Project("{FAE04EC0-301F-11D3-BF4B-00C04F79EFBC}") = "PhotoSorter", "PhotoSorter.csproj", "{595B7FBD-83EF-44FD-9E84-DDBC92095F5B}"
EndProject
Global
	GlobalSection(SolutionConfigurationPlatforms) = preSolution
		Debug|Any CPU = Debug|Any CPU
		Release|Any CPU = Release|Any CPU
	EndGlobalSection
	GlobalSection(ProjectConfigurationPlatforms) = postSolution
		{595B7FBD-83EF-44FD-9E84-DDBC92095F5B}.Debug|Any CPU.ActiveCfg = Debug|Any CPU
		{595B7FBD-83EF-44FD-9E84-DDBC92095F5B}.Debug|Any CPU.Build.0 = Debug|Any CPU
		{595B7FBD-83EF-44FD-9E84-DDBC92095F5B}.Release|Any CPU.ActiveCfg = Release|Any CPU
		{595B7FBD-83EF-44FD-9E84-DDBC92095F5B}.Release|Any CPU.Build.0 = Release|Any CPU
	EndGlobalSection
	GlobalSection(SolutionProperties) = preSolution
		HideSolutionNode = FALSE
	EndGlobalSection
	GlobalSection(ExtensibilityGlobals) = postSolution
		SolutionGuid = {4CAA434F-643C-4D07-A141-0EB8B9057FC1}
	EndGlobalSection
EndGlobal
